Microsoft Visual Studio Solution File, Format Version 12.00
# Visual Studio 15
VisualStudioVersion = 15.0.26124.0
MinimumVisualStudioVersion = 15.0.26124.0
Project("{9A19103F-16F7-4668-BE54-9A1E7A4F7556}") = "QBittorrent.Client", "QBittorrent.Client\QBittorrent.Client.csproj", "{8859F2AA-0E89-4850-BE85-94FDC2253B9E}"
EndProject
Project("{FAE04EC0-301F-11D3-BF4B-00C04F79EFBC}") = "QBittorrent.Client.Tests", "QBittorrent.Client.Tests\QBittorrent.Client.Tests.csproj", "{F530142B-54E2-4931-8517-4CD40E388E54}"
EndProject
Global
	GlobalSection(SolutionConfigurationPlatforms) = preSolution
		Debug|Any CPU = Debug|Any CPU
		Release|Any CPU = Release|Any CPU
	EndGlobalSection
	GlobalSection(ProjectConfigurationPlatforms) = postSolution
		{8859F2AA-0E89-4850-BE85-94FDC2253B9E}.Debug|Any CPU.ActiveCfg = Debug|Any CPU
		{8859F2AA-0E89-4850-BE85-94FDC2253B9E}.Debug|Any CPU.Build.0 = Debug|Any CPU
		{8859F2AA-0E89-4850-BE85-94FDC2253B9E}.Release|Any CPU.ActiveCfg = Release|Any CPU
		{8859F2AA-0E89-4850-BE85-94FDC2253B9E}.Release|Any CPU.Build.0 = Release|Any CPU
		{F530142B-54E2-4931-8517-4CD40E388E54}.Debug|Any CPU.ActiveCfg = Debug|Any CPU
		{F530142B-54E2-4931-8517-4CD40E388E54}.Debug|Any CPU.Build.0 = Debug|Any CPU
		{F530142B-54E2-4931-8517-4CD40E388E54}.Release|Any CPU.ActiveCfg = Release|Any CPU
		{F530142B-54E2-4931-8517-4CD40E388E54}.Release|Any CPU.Build.0 = Release|Any CPU
	EndGlobalSection
	GlobalSection(SolutionProperties) = preSolution
		HideSolutionNode = FALSE
	EndGlobalSection
	GlobalSection(ExtensibilityGlobals) = postSolution
		SolutionGuid = {58C3CB1A-9520-482B-A91B-99CC923F0223}
	EndGlobalSection
EndGlobal
